// !$*UTF8*$!
{
	archiveVersion = 1;
	classes = {
	};
	objectVersion = 50;
	objects = {

/* Begin PBXBuildFile section */
		DAF7C1F825013764009344A6 /* AppDelegate.swift in Sources */ = {isa = PBXBuildFile; fileRef = DAF7C1F725013764009344A6 /* AppDelegate.swift */; };
		DAF7C1FA25013764009344A6 /* SceneDelegate.swift in Sources */ = {isa = PBXBuildFile; fileRef = DAF7C1F925013764009344A6 /* SceneDelegate.swift */; };
		DAF7C1FC25013764009344A6 /* ViewController.swift in Sources */ = {isa = PBXBuildFile; fileRef = DAF7C1FB25013764009344A6 /* ViewController.swift */; };
		DAF7C1FF25013764009344A6 /* Main.storyboard in Resources */ = {isa = PBXBuildFile; fileRef = DAF7C1FD25013764009344A6 /* Main.storyboard */; };
		DAF7C2012501376A009344A6 /* Assets.xcassets in Resources */ = {isa = PBXBuildFile; fileRef = DAF7C2002501376A009344A6 /* Assets.xcassets */; };
		DAF7C2042501376A009344A6 /* LaunchScreen.storyboard in Resources */ = {isa = PBXBuildFile; fileRef = DAF7C2022501376A009344A6 /* LaunchScreen.storyboard */; };
		DAF7C20C250137C4009344A6 /* AVCell.swift in Sources */ = {isa = PBXBuildFile; fileRef = DAF7C20B250137C4009344A6 /* AVCell.swift */; };
		DAF7C20E25013CA6009344A6 /* Protocols.swift in Sources */ = {isa = PBXBuildFile; fileRef = DAF7C20D25013CA6009344A6 /* Protocols.swift */; };
		DAFEAD01250233A10074B311 /* video.mp4 in Resources */ = {isa = PBXBuildFile; fileRef = DAFEAD00250233A10074B311 /* video.mp4 */; };
/* End PBXBuildFile section */

/* Begin PBXFileReference section */
		DAF7C1F425013764009344A6 /* Avplayer.app */ = {isa = PBXFileReference; explicitFileType = wrapper.application; includeInIndex = 0; path = Avplayer.app; sourceTree = BUILT_PRODUCTS_DIR; };
		DAF7C1F725013764009344A6 /* AppDelegate.swift */ = {isa = PBXFileReference; lastKnownFileType = sourcecode.swift; path = AppDelegate.swift; sourceTree = "<group>"; };
		DAF7C1F925013764009344A6 /* SceneDelegate.swift */ = {isa = PBXFileReference; lastKnownFileType = sourcecode.swift; path = SceneDelegate.swift; sourceTree = "<group>"; };
		DAF7C1FB25013764009344A6 /* ViewController.swift */ = {isa = PBXFileReference; lastKnownFileType = sourcecode.swift; path = ViewController.swift; sourceTree = "<group>"; };
		DAF7C1FE25013764009344A6 /* Base */ = {isa = PBXFileReference; lastKnownFileType = file.storyboard; name = Base; path = Base.lproj/Main.storyboard; sourceTree = "<group>"; };
		DAF7C2002501376A009344A6 /* Assets.xcassets */ = {isa = PBXFileReference; lastKnownFileType = folder.assetcatalog; path = Assets.xcassets; sourceTree = "<group>"; };
		DAF7C2032501376A009344A6 /* Base */ = {isa = PBXFileReference; lastKnownFileType = file.storyboard; name = Base; path = Base.lproj/LaunchScreen.storyboard; sourceTree = "<group>"; };
		DAF7C2052501376A009344A6 /* Info.plist */ = {isa = PBXFileReference; lastKnownFileType = text.plist.xml; path = Info.plist; sourceTree = "<group>"; };
		DAF7C20B250137C4009344A6 /* AVCell.swift */ = {isa = PBXFileReference; lastKnownFileType = sourcecode.swift; path = AVCell.swift; sourceTree = "<group>"; };
		DAF7C20D25013CA6009344A6 /* Protocols.swift */ = {isa = PBXFileReference; lastKnownFileType = sourcecode.swift; path = Protocols.swift; sourceTree = "<group>"; };
		DAFEAD00250233A10074B311 /* video.mp4 */ = {isa = PBXFileReference; lastKnownFileType = file; path = video.mp4; sourceTree = "<group>"; };
/* End PBXFileReference section */

/* Begin PBXFrameworksBuildPhase section */
		DAF7C1F125013764009344A6 /* Frameworks */ = {
			isa = PBXFrameworksBuildPhase;
			buildActionMask = 2147483647;
			files = (
			);
			runOnlyForDeploymentPostprocessing = 0;
		};
/* End PBXFrameworksBuildPhase section */

/* Begin PBXGroup section */
		DAF7C1EB25013764009344A6 = {
			isa = PBXGroup;
			children = (
				DAFEAD00250233A10074B311 /* video.mp4 */,
				DAF7C1F625013764009344A6 /* Avplayer */,
				DAF7C1F525013764009344A6 /* Products */,
			);
			sourceTree = "<group>";
		};
		DAF7C1F525013764009344A6 /* Products */ = {
			isa = PBXGroup;
			children = (
				DAF7C1F425013764009344A6 /* Avplayer.app */,
			);
			name = Products;
			sourceTree = "<group>";
		};
		DAF7C1F625013764009344A6 /* Avplayer */ = {
			isa = PBXGroup;
			children = (
				DAF7C1F725013764009344A6 /* AppDelegate.swift */,
				DAF7C1F925013764009344A6 /* SceneDelegate.swift */,
				DAF7C1FB25013764009344A6 /* ViewController.swift */,
				DAF7C1FD25013764009344A6 /* Main.storyboard */,
				DAF7C20B250137C4009344A6 /* AVCell.swift */,
				DAF7C2002501376A009344A6 /* Assets.xcassets */,
				DAF7C2022501376A009344A6 /* LaunchScreen.storyboard */,
				DAF7C2052501376A009344A6 /* Info.plist */,
				DAF7C20D25013CA6009344A6 /* Protocols.swift */,
			);
			path = Avplayer;
			sourceTree = "<group>";
		};
/* End PBXGroup section */

/* Begin PBXNativeTarget section */
		DAF7C1F325013764009344A6 /* Avplayer */ = {
			isa = PBXNativeTarget;
			buildConfigurationList = DAF7C2082501376A009344A6 /* Build configuration list for PBXNativeTarget "Avplayer" */;
			buildPhases = (
				DAF7C1F025013764009344A6 /* Sources */,
				DAF7C1F125013764009344A6 /* Frameworks */,
				DAF7C1F225013764009344A6 /* Resources */,
			);
			buildRules = (
			);
			dependencies = (
			);
			name = Avplayer;
			productName = Avplayer;
			productReference = DAF7C1F425013764009344A6 /* Avplayer.app */;
			productType = "com.apple.product-type.application";
		};
/* End PBXNativeTarget section */

/* Begin PBXProject section */
		DAF7C1EC25013764009344A6 /* Project object */ = {
			isa = PBXProject;
			attributes = {
				LastSwiftUpdateCheck = 1170;
				LastUpgradeCheck = 1170;
				ORGANIZATIONNAME = Hovo;
				TargetAttributes = {
					DAF7C1F325013764009344A6 = {
						CreatedOnToolsVersion = 11.7;
					};
				};
			};
			buildConfigurationList = DAF7C1EF25013764009344A6 /* Build configuration list for PBXProject "Avplayer" */;
			compatibilityVersion = "Xcode 9.3";
			developmentRegion = en;
			hasScannedForEncodings = 0;
			knownRegions = (
				en,
				Base,
			);
			mainGroup = DAF7C1EB25013764009344A6;
			productRefGroup = DAF7C1F525013764009344A6 /* Products */;
			projectDirPath = "";
			projectRoot = "";
			targets = (
				DAF7C1F325013764009344A6 /* Avplayer */,
			);
		};
/* End PBXProject section */

/* Begin PBXResourcesBuildPhase section */
		DAF7C1F225013764009344A6 /* Resources */ = {
			isa = PBXResourcesBuildPhase;
			buildActionMask = 2147483647;
			files = (
				DAF7C2042501376A009344A6 /* LaunchScreen.storyboard in Resources */,
				DAF7C2012501376A009344A6 /* Assets.xcassets in Resources */,
				DAFEAD01250233A10074B311 /* video.mp4 in Resources */,
				DAF7C1FF25013764009344A6 /* Main.storyboard in Resources */,
			);
			runOnlyForDeploymentPostprocessing = 0;
		};
/* End PBXResourcesBuildPhase section */

/* Begin PBXSourcesBuildPhase section */
		DAF7C1F025013764009344A6 /* Sources */ = {
			isa = PBXSourcesBuildPhase;
			buildActionMask = 2147483647;
			files = (
				DAF7C20E25013CA6009344A6 /* Protocols.swift in Sources */,
				DAF7C1FC25013764009344A6 /* ViewController.swift in Sources */,
				DAF7C1F825013764009344A6 /* AppDelegate.swift in Sources */,
				DAF7C20C250137C4009344A6 /* AVCell.swift in Sources */,
				DAF7C1FA25013764009344A6 /* SceneDelegate.swift in Sources */,
			);
			runOnlyForDeploymentPostprocessing = 0;
		};
/* End PBXSourcesBuildPhase section */

/* Begin PBXVariantGroup section */
		DAF7C1FD25013764009344A6 /* Main.storyboard */ = {
			isa = PBXVariantGroup;
			children = (
				DAF7C1FE25013764009344A6 /* Base */,
			);
			name = Main.storyboard;
			sourceTree = "<group>";
		};
		DAF7C2022501376A009344A6 /* LaunchScreen.storyboard */ = {
			isa = PBXVariantGroup;
			children = (
				DAF7C2032501376A009344A6 /* Base */,
			);
			name = LaunchScreen.storyboard;
			sourceTree = "<group>";
		};
/* End PBXVariantGroup section */

/* Begin XCBuildConfiguration section */
		DAF7C2062501376A009344A6 /* Debug */ = {
			isa = XCBuildConfiguration;
			buildSettings = {
				ALWAYS_SEARCH_USER_PATHS = NO;
				CLANG_ANALYZER_NONNULL = YES;
				CLANG_ANALYZER_NUMBER_OBJECT_CONVERSION = YES_AGGRESSIVE;
				CLANG_CXX_LANGUAGE_STANDARD = "gnu++14";
				CLANG_CXX_LIBRARY = "libc++";
				CLANG_ENABLE_MODULES = YES;
				CLANG_ENABLE_OBJC_ARC = YES;
				CLANG_ENABLE_OBJC_WEAK = YES;
				CLANG_WARN_BLOCK_CAPTURE_AUTORELEASING = YES;
				CLANG_WARN_BOOL_CONVERSION = YES;
				CLANG_WARN_COMMA = YES;
				CLANG_WARN_CONSTANT_CONVERSION = YES;
				CLANG_WARN_DEPRECATED_OBJC_IMPLEMENTATIONS = YES;
				CLANG_WARN_DIRECT_OBJC_ISA_USAGE = YES_ERROR;
				CLANG_WARN_DOCUMENTATION_COMMENTS = YES;
				CLANG_WARN_EMPTY_BODY = YES;
				CLANG_WARN_ENUM_CONVERSION = YES;
				CLANG_WARN_INFINITE_RECURSION = YES;
				CLANG_WARN_INT_CONVERSION = YES;
				CLANG_WARN_NON_LITERAL_NULL_CONVERSION = YES;
				CLANG_WARN_OBJC_IMPLICIT_RETAIN_SELF = YES;
				CLANG_WARN_OBJC_LITERAL_CONVERSION = YES;
				CLANG_WARN_OBJC_ROOT_CLASS = YES_ERROR;
				CLANG_WARN_RANGE_LOOP_ANALYSIS = YES;
				CLANG_WARN_STRICT_PROTOTYPES = YES;
				CLANG_WARN_SUSPICIOUS_MOVE = YES;
				CLANG_WARN_UNGUARDED_AVAILABILITY = YES_AGGRESSIVE;
				CLANG_WARN_UNREACHABLE_CODE = YES;
				CLANG_WARN__DUPLICATE_METHOD_MATCH = YES;
				COPY_PHASE_STRIP = NO;
				DEBUG_INFORMATION_FORMAT = dwarf;
				ENABLE_STRICT_OBJC_MSGSEND = YES;
				ENABLE_TESTABILITY = YES;
				GCC_C_LANGUAGE_STANDARD = gnu11;
				GCC_DYNAMIC_NO_PIC = NO;
				GCC_NO_COMMON_BLOCKS = YES;
				GCC_OPTIMIZATION_LEVEL = 0;
				GCC_PREPROCESSOR_DEFINITIONS = (
					"DEBUG=1",
					"$(inherited)",
				);
				GCC_WARN_64_TO_32_BIT_CONVERSION = YES;
				GCC_WARN_ABOUT_RETURN_TYPE = YES_ERROR;
				GCC_WARN_UNDECLARED_SELECTOR = YES;
				GCC_WARN_UNINITIALIZED_AUTOS = YES_AGGRESSIVE;
				GCC_WARN_UNUSED_FUNCTION = YES;
				GCC_WARN_UNUSED_VARIABLE = YES;
				IPHONEOS_DEPLOYMENT_TARGET = 13.7;
				MTL_ENABLE_DEBUG_INFO = INCLUDE_SOURCE;
				MTL_FAST_MATH = YES;
				ONLY_ACTIVE_ARCH = YES;
				SDKROOT = iphoneos;
				SWIFT_ACTIVE_COMPILATION_CONDITIONS = DEBUG;
				SWIFT_OPTIMIZATION_LEVEL = "-Onone";
			};
			name = Debug;
		};
		DAF7C2072501376A009344A6 /* Release */ = {
			isa = XCBuildConfiguration;
			buildSettings = {
				ALWAYS_SEARCH_USER_PATHS = NO;
				CLANG_ANALYZER_NONNULL = YES;
				CLANG_ANALYZER_NUMBER_OBJECT_CONVERSION = YES_AGGRESSIVE;
				CLANG_CXX_LANGUAGE_STANDARD = "gnu++14";
				CLANG_CXX_LIBRARY = "libc++";
				CLANG_ENABLE_MODULES = YES;
				CLANG_ENABLE_OBJC_ARC = YES;
				CLANG_ENABLE_OBJC_WEAK = YES;
				CLANG_WARN_BLOCK_CAPTURE_AUTORELEASING = YES;
				CLANG_WARN_BOOL_CONVERSION = YES;
				CLANG_WARN_COMMA = YES;
				CLANG_WARN_CONSTANT_CONVERSION = YES;
				CLANG_WARN_DEPRECATED_OBJC_IMPLEMENTATIONS = YES;
				CLANG_WARN_DIRECT_OBJC_ISA_USAGE = YES_ERROR;
				CLANG_WARN_DOCUMENTATION_COMMENTS = YES;
				CLANG_WARN_EMPTY_BODY = YES;
				CLANG_WARN_ENUM_CONVERSION = YES;
				CLANG_WARN_INFINITE_RECURSION = YES;
				CLANG_WARN_INT_CONVERSION = YES;
				CLANG_WARN_NON_LITERAL_NULL_CONVERSION = YES;
				CLANG_WARN_OBJC_IMPLICIT_RETAIN_SELF = YES;
				CLANG_WARN_OBJC_LITERAL_CONVERSION = YES;
				CLANG_WARN_OBJC_ROOT_CLASS = YES_ERROR;
				CLANG_WARN_RANGE_LOOP_ANALYSIS = YES;
				CLANG_WARN_STRICT_PROTOTYPES = YES;
				CLANG_WARN_SUSPICIOUS_MOVE = YES;
				CLANG_WARN_UNGUARDED_AVAILABILITY = YES_AGGRESSIVE;
				CLANG_WARN_UNREACHABLE_CODE = YES;
				CLANG_WARN__DUPLICATE_METHOD_MATCH = YES;
				COPY_PHASE_STRIP = NO;
				DEBUG_INFORMATION_FORMAT = "dwarf-with-dsym";
				ENABLE_NS_ASSERTIONS = NO;
				ENABLE_STRICT_OBJC_MSGSEND = YES;
				GCC_C_LANGUAGE_STANDARD = gnu11;
				GCC_NO_COMMON_BLOCKS = YES;
				GCC_WARN_64_TO_32_BIT_CONVERSION = YES;
				GCC_WARN_ABOUT_RETURN_TYPE = YES_ERROR;
				GCC_WARN_UNDECLARED_SELECTOR = YES;
				GCC_WARN_UNINITIALIZED_AUTOS = YES_AGGRESSIVE;
				GCC_WARN_UNUSED_FUNCTION = YES;
				GCC_WARN_UNUSED_VARIABLE = YES;
				IPHONEOS_DEPLOYMENT_TARGET = 13.7;
				MTL_ENABLE_DEBUG_INFO = NO;
				MTL_FAST_MATH = YES;
				SDKROOT = iphoneos;
				SWIFT_COMPILATION_MODE = wholemodule;
				SWIFT_OPTIMIZATION_LEVEL = "-O";
				VALIDATE_PRODUCT = YES;
			};
			name = Release;
		};
		DAF7C2092501376A009344A6 /* Debug */ = {
			isa = XCBuildConfiguration;
			buildSettings = {
				ASSETCATALOG_COMPILER_APPICON_NAME = AppIcon;
				CODE_SIGN_STYLE = Automatic;
				INFOPLIST_FILE = Avplayer/Info.plist;
				LD_RUNPATH_SEARCH_PATHS = (
					"$(inherited)",
					"@executable_path/Frameworks",
				);
				PRODUCT_BUNDLE_IDENTIFIER = hovo.malxasyan.Avplayer;
				PRODUCT_NAME = "$(TARGET_NAME)";
				SWIFT_VERSION = 5.0;
				TARGETED_DEVICE_FAMILY = "1,2";
			};
			name = Debug;
		};
		DAF7C20A2501376A009344A6 /* Release */ = {
			isa = XCBuildConfiguration;
			buildSettings = {
				ASSETCATALOG_COMPILER_APPICON_NAME = AppIcon;
				CODE_SIGN_STYLE = Automatic;
				INFOPLIST_FILE = Avplayer/Info.plist;
				LD_RUNPATH_SEARCH_PATHS = (
					"$(inherited)",
					"@executable_path/Frameworks",
				);
				PRODUCT_BUNDLE_IDENTIFIER = hovo.malxasyan.Avplayer;
				PRODUCT_NAME = "$(TARGET_NAME)";
				SWIFT_VERSION = 5.0;
				TARGETED_DEVICE_FAMILY = "1,2";
			};
			name = Release;
		};
/* End XCBuildConfiguration section */

/* Begin XCConfigurationList section */
		DAF7C1EF25013764009344A6 /* Build configuration list for PBXProject "Avplayer" */ = {
			isa = XCConfigurationList;
			buildConfigurations = (
				DAF7C2062501376A009344A6 /* Debug */,
				DAF7C2072501376A009344A6 /* Release */,
			);
			defaultConfigurationIsVisible = 0;
			defaultConfigurationName = Release;
		};
		DAF7C2082501376A009344A6 /* Build configuration list for PBXNativeTarget "Avplayer" */ = {
			isa = XCConfigurationList;
			buildConfigurations = (
				DAF7C2092501376A009344A6 /* Debug */,
				DAF7C20A2501376A009344A6 /* Release */,
			);
			defaultConfigurationIsVisible = 0;
			defaultConfigurationName = Release;
		};
/* End XCConfigurationList section */
	};
	rootObject = DAF7C1EC25013764009344A6 /* Project object */;
}
